
Microsoft Visual Studio Solution File, Format Version 12.00
# Visual Studio Version 16
VisualStudioVersion = 16.0.30804.86
MinimumVisualStudioVersion = 10.0.40219.1
Project("{FAE04EC0-301F-11D3-BF4B-00C04F79EFBC}") = "cs-lab-serializacja-szyfrowanie-GraZgadywanka", "cs-lab-serializacja-szyfrowanie-GraZgadywanka\cs-lab-serializacja-szyfrowanie-GraZgadywanka.csproj", "{75B12650-F793-4237-A475-6613BB418870}"
EndProject
Global
	GlobalSection(SolutionConfigurationPlatforms) = preSolution
		Debug|Any CPU = Debug|Any CPU
		Release|Any CPU = Release|Any CPU
	EndGlobalSection
	GlobalSection(ProjectConfigurationPlatforms) = postSolution
		{75B12650-F793-4237-A475-6613BB418870}.Debug|Any CPU.ActiveCfg = Debug|Any CPU
		{75B12650-F793-4237-A475-6613BB418870}.Debug|Any CPU.Build.0 = Debug|Any CPU
		{75B12650-F793-4237-A475-6613BB418870}.Release|Any CPU.ActiveCfg = Release|Any CPU
		{75B12650-F793-4237-A475-6613BB418870}.Release|Any CPU.Build.0 = Release|Any CPU
	EndGlobalSection
	GlobalSection(SolutionProperties) = preSolution
		HideSolutionNode = FALSE
	EndGlobalSection
	GlobalSection(ExtensibilityGlobals) = postSolution
		SolutionGuid = {91F506FD-93C7-47CE-862A-350B224EF482}
	EndGlobalSection
EndGlobal
